# This file is automatically @generated by Cargo.
# It is not intended for manual editing.
[[package]]
name = "libc"
version = "0.2.67"
source = "registry+https://github.com/rust-lang/crates.io-index"

[[package]]
name = "oak_platform_asylo"
version = "0.1.0"
dependencies = [
 "libc 0.2.67 (registry+https://github.com/rust-lang/crates.io-index)",
 "rust_asylo 0.1.0",
]

[[package]]
name = "rust_asylo"
version = "0.1.0"
dependencies = [
 "libc 0.2.67 (registry+https://github.com/rust-lang/crates.io-index)",
]

[metadata]
"checksum libc 0.2.67 (registry+https://github.com/rust-lang/crates.io-index)" = "eb147597cdf94ed43ab7a9038716637d2d1bf2bc571da995d0028dec06bd3018"
